{
  "name": "authorizer",
  "version": "1.0.0",
  "lockfileVersion": 1,
  "requires": true,
  "dependencies": {
    "@types/aws-lambda": {
      "version": "8.10.114",
      "resolved": "https://registry.npmjs.org/@types/aws-lambda/-/aws-lambda-8.10.114.tgz",
      "integrity": "sha512-M8WpEGfC9iQ6V2Ccq6nGIXoQgeVc6z0Ngk8yCOL5V/TYIxshvb0MWQYLFFTZDesL0zmsoBc4OBjG9DB/4rei6w==",
      "dev": true
    },
    "@types/node": {
      "version": "20.4.6",
      "resolved": "https://registry.npmjs.org/@types/node/-/node-20.4.6.tgz",
      "integrity": "sha512-q0RkvNgMweWWIvSMDiXhflGUKMdIxBo2M2tYM/0kEGDueQByFzK4KZAgu5YHGFNxziTlppNpTIBcqHQAxlfHdA==",
      "dev": true
    },
    "tslib": {
      "version": "2.5.0",
      "resolved": "https://registry.npmjs.org/tslib/-/tslib-2.5.0.tgz",
      "integrity": "sha512-336iVw3rtn2BUK7ORdIAHTyxHGRIHVReokCR3XjbckJMK7ms8FysBfhLR8IXnAgy7T0PTPNBWKiH514FOW/WSg==",
      "dev": true
    },
    "typescript": {
      "version": "5.0.4",
      "resolved": "https://registry.npmjs.org/typescript/-/typescript-5.0.4.tgz",
      "integrity": "sha512-cW9T5W9xY37cc+jfEnaUvX91foxtHkza3Nw3wkoF4sSlKn0MONdkdEndig/qPBWXNkmplh3NzayQzCiHM4/hqw==",
      "dev": true
    }
  }
}
